// !$*UTF8*$!
{
	archiveVersion = 1;
	classes = {
	};
	objectVersion = 52;
	objects = {

/* Begin PBXBuildFile section */
		2609AD53263DB80400337A02 /* HostAddSpotify.swift in Sources */ = {isa = PBXBuildFile; fileRef = 2609AD52263DB80400337A02 /* HostAddSpotify.swift */; };
		2609AD56263DBDBE00337A02 /* SpotifyWebViewWk.swift in Sources */ = {isa = PBXBuildFile; fileRef = 2609AD55263DBDBE00337A02 /* SpotifyWebViewWk.swift */; };
		2609AD59263DC2F900337A02 /* SpotifyViewRep.swift in Sources */ = {isa = PBXBuildFile; fileRef = 2609AD58263DC2F900337A02 /* SpotifyViewRep.swift */; };
		2620B8A326792599004FE721 /* SearchTab.swift in Sources */ = {isa = PBXBuildFile; fileRef = 2620B8A226792599004FE721 /* SearchTab.swift */; };
		2620B8A52679261F004FE721 /* SearchBar.swift in Sources */ = {isa = PBXBuildFile; fileRef = 2620B8A42679261F004FE721 /* SearchBar.swift */; };
		2620B8A8267926C2004FE721 /* HomePageDecision.swift in Sources */ = {isa = PBXBuildFile; fileRef = 2620B8A7267926C2004FE721 /* HomePageDecision.swift */; };
		2620B8AA26795A8C004FE721 /* NeumorphicButton.swift in Sources */ = {isa = PBXBuildFile; fileRef = 2620B8A926795A8B004FE721 /* NeumorphicButton.swift */; };
		2634B239264B0B0600BB928B /* Neumorphic in Frameworks */ = {isa = PBXBuildFile; productRef = 2634B238264B0B0600BB928B /* Neumorphic */; };
		265634BA267814DB00FD6F27 /* StringExtensions.swift in Sources */ = {isa = PBXBuildFile; fileRef = 265634B9267814DB00FD6F27 /* StringExtensions.swift */; };
		265634BD267815B900FD6F27 /* Crypto in Frameworks */ = {isa = PBXBuildFile; productRef = 265634BC267815B900FD6F27 /* Crypto */; };
		265634BF2678163000FD6F27 /* DataExtension.swift in Sources */ = {isa = PBXBuildFile; fileRef = 265634BE2678163000FD6F27 /* DataExtension.swift */; };
		265634C12678341E00FD6F27 /* SettingsPage.swift in Sources */ = {isa = PBXBuildFile; fileRef = 265634C02678341E00FD6F27 /* SettingsPage.swift */; };
		26659BB6263B32770008FD1F /* NameCoaster.swift in Sources */ = {isa = PBXBuildFile; fileRef = 26659BB5263B32770008FD1F /* NameCoaster.swift */; };
		26659BB9263B62F20008FD1F /* PauseCoaster.swift in Sources */ = {isa = PBXBuildFile; fileRef = 26659BB8263B62F20008FD1F /* PauseCoaster.swift */; };
		26659BBC263B67040008FD1F /* DisconnectCoaster.swift in Sources */ = {isa = PBXBuildFile; fileRef = 26659BBB263B67040008FD1F /* DisconnectCoaster.swift */; };
		26659BBF263B6B4D0008FD1F /* ManageCoasterView.swift in Sources */ = {isa = PBXBuildFile; fileRef = 26659BBE263B6B4D0008FD1F /* ManageCoasterView.swift */; };
		26659BC4263BA36B0008FD1F /* LaunchConnectCoasterNfc.swift in Sources */ = {isa = PBXBuildFile; fileRef = 26659BC3263BA36B0008FD1F /* LaunchConnectCoasterNfc.swift */; };
		26691F64267AABDF00C83696 /* View.swift in Sources */ = {isa = PBXBuildFile; fileRef = 26691F63267AABDF00C83696 /* View.swift */; };
		26691F66267AB89A00C83696 /* SongResultItem.swift in Sources */ = {isa = PBXBuildFile; fileRef = 26691F65267AB89A00C83696 /* SongResultItem.swift */; };
		26691F69267AC46A00C83696 /* SearchResultsView.swift in Sources */ = {isa = PBXBuildFile; fileRef = 26691F68267AC46A00C83696 /* SearchResultsView.swift */; };
		26691F6B267AC48400C83696 /* SearchBarView.swift in Sources */ = {isa = PBXBuildFile; fileRef = 26691F6A267AC48400C83696 /* SearchBarView.swift */; };
		26691F6E267AC67400C83696 /* HostAPartyButton.swift in Sources */ = {isa = PBXBuildFile; fileRef = 26691F6D267AC67400C83696 /* HostAPartyButton.swift */; };
		26691F70267AC69A00C83696 /* JoinAPartyButton.swift in Sources */ = {isa = PBXBuildFile; fileRef = 26691F6F267AC69A00C83696 /* JoinAPartyButton.swift */; };
		26691F72267AC6BF00C83696 /* JoinSuccessfulCircle.swift in Sources */ = {isa = PBXBuildFile; fileRef = 26691F71267AC6BF00C83696 /* JoinSuccessfulCircle.swift */; };
		26691F74267AC6D100C83696 /* FailPartyJoin.swift in Sources */ = {isa = PBXBuildFile; fileRef = 26691F73267AC6D100C83696 /* FailPartyJoin.swift */; };
		26691F76267ACA9E00C83696 /* HostTab.swift in Sources */ = {isa = PBXBuildFile; fileRef = 26691F75267ACA9E00C83696 /* HostTab.swift */; };
		26691F79267ACB3B00C83696 /* HostSetup.swift in Sources */ = {isa = PBXBuildFile; fileRef = 26691F78267ACB3B00C83696 /* HostSetup.swift */; };
		2677029126347ECD00B8BC92 /* FonzMusicSwiftApp.swift in Sources */ = {isa = PBXBuildFile; fileRef = 2677029026347ECD00B8BC92 /* FonzMusicSwiftApp.swift */; };
		2677029326347ECD00B8BC92 /* ContentView.swift in Sources */ = {isa = PBXBuildFile; fileRef = 2677029226347ECD00B8BC92 /* ContentView.swift */; };
		2677029526347ED100B8BC92 /* Assets.xcassets in Resources */ = {isa = PBXBuildFile; fileRef = 2677029426347ED100B8BC92 /* Assets.xcassets */; };
		2677029826347ED100B8BC92 /* Preview Assets.xcassets in Resources */ = {isa = PBXBuildFile; fileRef = 2677029726347ED100B8BC92 /* Preview Assets.xcassets */; };
		269D0152267182A000A1DFEE /* SpotifySignInApi.swift in Sources */ = {isa = PBXBuildFile; fileRef = 269D0151267182A000A1DFEE /* SpotifySignInApi.swift */; };
		26AC89B42665410C00E1C41E /* ShareOnInstagram.swift in Sources */ = {isa = PBXBuildFile; fileRef = 26AC89B32665410C00E1C41E /* ShareOnInstagram.swift */; };
		26AC89BC2665745300E1C41E /* MuseoSans-500.otf in Resources */ = {isa = PBXBuildFile; fileRef = 26AC89B82665745300E1C41E /* MuseoSans-500.otf */; };
		26AC89BD2665745300E1C41E /* MuseoSans-100.otf in Resources */ = {isa = PBXBuildFile; fileRef = 26AC89B92665745300E1C41E /* MuseoSans-100.otf */; };
		26AC89BE2665745300E1C41E /* MuseoSans-300.otf in Resources */ = {isa = PBXBuildFile; fileRef = 26AC89BA2665745300E1C41E /* MuseoSans-300.otf */; };
		26AC89BF2665745300E1C41E /* MuseoSans-700.otf in Resources */ = {isa = PBXBuildFile; fileRef = 26AC89BB2665745300E1C41E /* MuseoSans-700.otf */; };
		26AC89C12665781B00E1C41E /* ShareSheet.swift in Sources */ = {isa = PBXBuildFile; fileRef = 26AC89C02665781B00E1C41E /* ShareSheet.swift */; };
		26AC89CC2669600500E1C41E /* AsyncImage.swift in Sources */ = {isa = PBXBuildFile; fileRef = 26AC89CB2669600500E1C41E /* AsyncImage.swift */; };
		26B65139263844340074F279 /* HostAddCoaster.swift in Sources */ = {isa = PBXBuildFile; fileRef = 26B65138263844340074F279 /* HostAddCoaster.swift */; };
		26B6513C263845480074F279 /* SuccessAddedCoaster.swift in Sources */ = {isa = PBXBuildFile; fileRef = 26B6513B263845480074F279 /* SuccessAddedCoaster.swift */; };
		26B65140263846EE0074F279 /* CoasterHasDifferentHost.swift in Sources */ = {isa = PBXBuildFile; fileRef = 26B6513F263846EE0074F279 /* CoasterHasDifferentHost.swift */; };
		26B65143263848A70074F279 /* ThisIsYourCoaster.swift in Sources */ = {isa = PBXBuildFile; fileRef = 26B65142263848A70074F279 /* ThisIsYourCoaster.swift */; };
		26B65146263863100074F279 /* CoasterDashboard.swift in Sources */ = {isa = PBXBuildFile; fileRef = 26B65145263863100074F279 /* CoasterDashboard.swift */; };
		26B65149263865D10074F279 /* CoastersFromApi.swift in Sources */ = {isa = PBXBuildFile; fileRef = 26B65148263865D10074F279 /* CoastersFromApi.swift */; };
		26B6514D263866950074F279 /* HostCoasterInfo.swift in Sources */ = {isa = PBXBuildFile; fileRef = 26B6514C263866950074F279 /* HostCoasterInfo.swift */; };
		26B65150263866BE0074F279 /* GlobalTrack.swift in Sources */ = {isa = PBXBuildFile; fileRef = 26B6514F263866BE0074F279 /* GlobalTrack.swift */; };
		26B65153263866E20074F279 /* UpdatePageviewVars.swift in Sources */ = {isa = PBXBuildFile; fileRef = 26B65152263866E20074F279 /* UpdatePageviewVars.swift */; };
		26B651562638671D0074F279 /* Track.swift in Sources */ = {isa = PBXBuildFile; fileRef = 26B651552638671D0074F279 /* Track.swift */; };
		26B65159263868E30074F279 /* HostView.swift in Sources */ = {isa = PBXBuildFile; fileRef = 26B65158263868E30074F279 /* HostView.swift */; };
		26B6516026389D7B0074F279 /* HostCoasterApi.swift in Sources */ = {isa = PBXBuildFile; fileRef = 26B6515F26389D7B0074F279 /* HostCoasterApi.swift */; };
		26B651642638A0610074F279 /* GlobalExtensions.swift in Sources */ = {isa = PBXBuildFile; fileRef = 26B651632638A0610074F279 /* GlobalExtensions.swift */; };
		26B651672638A1B30074F279 /* HostFonzSessionApi.swift in Sources */ = {isa = PBXBuildFile; fileRef = 26B651662638A1B30074F279 /* HostFonzSessionApi.swift */; };
		26DB9A8C263484110030643D /* HostPage.swift in Sources */ = {isa = PBXBuildFile; fileRef = 26DB9A8B263484110030643D /* HostPage.swift */; };
		26DB9A8F2634980F0030643D /* GuestView.swift in Sources */ = {isa = PBXBuildFile; fileRef = 26DB9A8E2634980F0030643D /* GuestView.swift */; };
		26DB9A92263498390030643D /* HomePage.swift in Sources */ = {isa = PBXBuildFile; fileRef = 26DB9A91263498390030643D /* HomePage.swift */; };
		26DB9A9C263498CB0030643D /* JoinedParty.swift in Sources */ = {isa = PBXBuildFile; fileRef = 26DB9A9B263498CB0030643D /* JoinedParty.swift */; };
		26DB9A9F263498E00030643D /* SuccessQueueSong.swift in Sources */ = {isa = PBXBuildFile; fileRef = 26DB9A9E263498E00030643D /* SuccessQueueSong.swift */; };
		26DB9AA2263498F90030643D /* UsedAllQueues.swift in Sources */ = {isa = PBXBuildFile; fileRef = 26DB9AA1263498F90030643D /* UsedAllQueues.swift */; };
		26DB9AA52634990D0030643D /* ErrorOnTap.swift in Sources */ = {isa = PBXBuildFile; fileRef = 26DB9AA42634990D0030643D /* ErrorOnTap.swift */; };
		26DB9AA8263499220030643D /* ErrorQueuingSong.swift in Sources */ = {isa = PBXBuildFile; fileRef = 26DB9AA7263499220030643D /* ErrorQueuingSong.swift */; };
		26DB9AAB263499410030643D /* ErrorDeviceNotNfc.swift in Sources */ = {isa = PBXBuildFile; fileRef = 26DB9AAA263499410030643D /* ErrorDeviceNotNfc.swift */; };
		26DB9AAE2634995B0030643D /* ErrorCoasterHasNoHost.swift in Sources */ = {isa = PBXBuildFile; fileRef = 26DB9AAD2634995B0030643D /* ErrorCoasterHasNoHost.swift */; };
		26DB9AB1263499710030643D /* ErrorNotFonzCoaster.swift in Sources */ = {isa = PBXBuildFile; fileRef = 26DB9AB0263499710030643D /* ErrorNotFonzCoaster.swift */; };
		26DB9AB4263499AB0030643D /* JoinParty.swift in Sources */ = {isa = PBXBuildFile; fileRef = 26DB9AB3263499AB0030643D /* JoinParty.swift */; };
		26DB9AB7263499CF0030643D /* AlreadyJoinedAddNew.swift in Sources */ = {isa = PBXBuildFile; fileRef = 26DB9AB6263499CF0030643D /* AlreadyJoinedAddNew.swift */; };
		26DB9ABA263499F00030643D /* SearchBarNoSuggestions.swift in Sources */ = {isa = PBXBuildFile; fileRef = 26DB9AB9263499F00030643D /* SearchBarNoSuggestions.swift */; };
		26DB9ABD26349A1D0030643D /* TracksFromSearch.swift in Sources */ = {isa = PBXBuildFile; fileRef = 26DB9ABC26349A1D0030643D /* TracksFromSearch.swift */; };
		26DB9AC026349A8F0030643D /* QueueSongSheet.swift in Sources */ = {isa = PBXBuildFile; fileRef = 26DB9ABF26349A8F0030643D /* QueueSongSheet.swift */; };
		26DB9ACA26349AEA0030643D /* LaunchJoinPartNfc.swift in Sources */ = {isa = PBXBuildFile; fileRef = 26DB9AC926349AEA0030643D /* LaunchJoinPartNfc.swift */; };
		26DB9ACE26349B040030643D /* TryAgainNfc.swift in Sources */ = {isa = PBXBuildFile; fileRef = 26DB9ACD26349B040030643D /* TryAgainNfc.swift */; };
		26DB9AD126349B190030643D /* LaunchQueueSongNfc.swift in Sources */ = {isa = PBXBuildFile; fileRef = 26DB9AD026349B190030643D /* LaunchQueueSongNfc.swift */; };
		26DB9AD826349B610030643D /* GuestApi.swift in Sources */ = {isa = PBXBuildFile; fileRef = 26DB9AD726349B610030643D /* GuestApi.swift */; };
		26DB9ADE26349EBB0030643D /* ErrorNotSameCoaster.swift in Sources */ = {isa = PBXBuildFile; fileRef = 26DB9ADD26349EBB0030643D /* ErrorNotSameCoaster.swift */; };
		26DB9AFC2634A4370030643D /* GoogleService-Info.plist in Resources */ = {isa = PBXBuildFile; fileRef = 26DB9AFB2634A4370030643D /* GoogleService-Info.plist */; };
		26DB9B232634A96B0030643D /* Colors.swift in Sources */ = {isa = PBXBuildFile; fileRef = 26DB9B222634A96B0030643D /* Colors.swift */; };
		26E8CFDF266D393A00CEB1F6 /* SpotifyiOS.framework in Frameworks */ = {isa = PBXBuildFile; fileRef = 26E8CFDE266D393A00CEB1F6 /* SpotifyiOS.framework */; };
		26E8CFE1266D3A0F00CEB1F6 /* SpotifyController.swift in Sources */ = {isa = PBXBuildFile; fileRef = 26E8CFE0266D3A0F00CEB1F6 /* SpotifyController.swift */; };
		26ECCFD1268294E70053BE1F /* LaunchQueueSongWriteUrl.swift in Sources */ = {isa = PBXBuildFile; fileRef = 26ECCFD0268294E70053BE1F /* LaunchQueueSongWriteUrl.swift */; };
		26ECCFD3268295510053BE1F /* ActiveSongView.swift in Sources */ = {isa = PBXBuildFile; fileRef = 26ECCFD2268295510053BE1F /* ActiveSongView.swift */; };
		26ECCFD62682A2350053BE1F /* SongSuggestionsView.swift in Sources */ = {isa = PBXBuildFile; fileRef = 26ECCFD52682A2350053BE1F /* SongSuggestionsView.swift */; };
		26ECCFD82682A27F0053BE1F /* YourTopSongs.swift in Sources */ = {isa = PBXBuildFile; fileRef = 26ECCFD72682A27F0053BE1F /* YourTopSongs.swift */; };
		26ECCFDB2682AA500053BE1F /* YourFavoriteArtists.swift in Sources */ = {isa = PBXBuildFile; fileRef = 26ECCFDA2682AA500053BE1F /* YourFavoriteArtists.swift */; };
		26ECCFDD2682B0A60053BE1F /* Artist.swift in Sources */ = {isa = PBXBuildFile; fileRef = 26ECCFDC2682B0A60053BE1F /* Artist.swift */; };
		26ECCFDF2682B0DA0053BE1F /* Playlist.swift in Sources */ = {isa = PBXBuildFile; fileRef = 26ECCFDE2682B0DA0053BE1F /* Playlist.swift */; };
		26ECCFE12682B6960053BE1F /* YourTopPlaylists.swift in Sources */ = {isa = PBXBuildFile; fileRef = 26ECCFE02682B6960053BE1F /* YourTopPlaylists.swift */; };
		26ECCFE32682BE210053BE1F /* SongListModal.swift in Sources */ = {isa = PBXBuildFile; fileRef = 26ECCFE22682BE210053BE1F /* SongListModal.swift */; };
		E4595E496192AD1C55E93E1F /* libPods-FonzMusicSwift.a in Frameworks */ = {isa = PBXBuildFile; fileRef = 4B480C69CB1494108CA6C68C /* libPods-FonzMusicSwift.a */; };
/* End PBXBuildFile section */

/* Begin PBXFileReference section */
		2609AD52263DB80400337A02 /* HostAddSpotify.swift */ = {isa = PBXFileReference; lastKnownFileType = sourcecode.swift; path = HostAddSpotify.swift; sourceTree = "<group>"; };
		2609AD55263DBDBE00337A02 /* SpotifyWebViewWk.swift */ = {isa = PBXFileReference; lastKnownFileType = sourcecode.swift; path = SpotifyWebViewWk.swift; sourceTree = "<group>"; };
		2609AD58263DC2F900337A02 /* SpotifyViewRep.swift */ = {isa = PBXFileReference; lastKnownFileType = sourcecode.swift; path = SpotifyViewRep.swift; sourceTree = "<group>"; };
		2620B8A226792599004FE721 /* SearchTab.swift */ = {isa = PBXFileReference; lastKnownFileType = sourcecode.swift; path = SearchTab.swift; sourceTree = "<group>"; };
		2620B8A42679261F004FE721 /* SearchBar.swift */ = {isa = PBXFileReference; lastKnownFileType = sourcecode.swift; path = SearchBar.swift; sourceTree = "<group>"; };
		2620B8A7267926C2004FE721 /* HomePageDecision.swift */ = {isa = PBXFileReference; lastKnownFileType = sourcecode.swift; path = HomePageDecision.swift; sourceTree = "<group>"; };
		2620B8A926795A8B004FE721 /* NeumorphicButton.swift */ = {isa = PBXFileReference; lastKnownFileType = sourcecode.swift; path = NeumorphicButton.swift; sourceTree = "<group>"; };
		265634B9267814DB00FD6F27 /* StringExtensions.swift */ = {isa = PBXFileReference; lastKnownFileType = sourcecode.swift; path = StringExtensions.swift; sourceTree = "<group>"; };
		265634BE2678163000FD6F27 /* DataExtension.swift */ = {isa = PBXFileReference; lastKnownFileType = sourcecode.swift; path = DataExtension.swift; sourceTree = "<group>"; };
		265634C02678341E00FD6F27 /* SettingsPage.swift */ = {isa = PBXFileReference; lastKnownFileType = sourcecode.swift; path = SettingsPage.swift; sourceTree = "<group>"; };
		26659BB5263B32770008FD1F /* NameCoaster.swift */ = {isa = PBXFileReference; lastKnownFileType = sourcecode.swift; path = NameCoaster.swift; sourceTree = "<group>"; };
		26659BB8263B62F20008FD1F /* PauseCoaster.swift */ = {isa = PBXFileReference; lastKnownFileType = sourcecode.swift; path = PauseCoaster.swift; sourceTree = "<group>"; };
		26659BBB263B67040008FD1F /* DisconnectCoaster.swift */ = {isa = PBXFileReference; lastKnownFileType = sourcecode.swift; path = DisconnectCoaster.swift; sourceTree = "<group>"; };
		26659BBE263B6B4D0008FD1F /* ManageCoasterView.swift */ = {isa = PBXFileReference; lastKnownFileType = sourcecode.swift; path = ManageCoasterView.swift; sourceTree = "<group>"; };
		26659BC3263BA36B0008FD1F /* LaunchConnectCoasterNfc.swift */ = {isa = PBXFileReference; lastKnownFileType = sourcecode.swift; path = LaunchConnectCoasterNfc.swift; sourceTree = "<group>"; };
		26691F63267AABDF00C83696 /* View.swift */ = {isa = PBXFileReference; lastKnownFileType = sourcecode.swift; path = View.swift; sourceTree = "<group>"; };
		26691F65267AB89A00C83696 /* SongResultItem.swift */ = {isa = PBXFileReference; lastKnownFileType = sourcecode.swift; path = SongResultItem.swift; sourceTree = "<group>"; };
		26691F68267AC46A00C83696 /* SearchResultsView.swift */ = {isa = PBXFileReference; lastKnownFileType = sourcecode.swift; path = SearchResultsView.swift; sourceTree = "<group>"; };
		26691F6A267AC48400C83696 /* SearchBarView.swift */ = {isa = PBXFileReference; lastKnownFileType = sourcecode.swift; path = SearchBarView.swift; sourceTree = "<group>"; };
		26691F6D267AC67400C83696 /* HostAPartyButton.swift */ = {isa = PBXFileReference; lastKnownFileType = sourcecode.swift; path = HostAPartyButton.swift; sourceTree = "<group>"; };
		26691F6F267AC69A00C83696 /* JoinAPartyButton.swift */ = {isa = PBXFileReference; lastKnownFileType = sourcecode.swift; path = JoinAPartyButton.swift; sourceTree = "<group>"; };
		26691F71267AC6BF00C83696 /* JoinSuccessfulCircle.swift */ = {isa = PBXFileReference; lastKnownFileType = sourcecode.swift; path = JoinSuccessfulCircle.swift; sourceTree = "<group>"; };
		26691F73267AC6D100C83696 /* FailPartyJoin.swift */ = {isa = PBXFileReference; lastKnownFileType = sourcecode.swift; path = FailPartyJoin.swift; sourceTree = "<group>"; };
		26691F75267ACA9E00C83696 /* HostTab.swift */ = {isa = PBXFileReference; lastKnownFileType = sourcecode.swift; path = HostTab.swift; sourceTree = "<group>"; };
		26691F78267ACB3B00C83696 /* HostSetup.swift */ = {isa = PBXFileReference; lastKnownFileType = sourcecode.swift; path = HostSetup.swift; sourceTree = "<group>"; };
		2677028D26347ECD00B8BC92 /* FonzMusicSwift.app */ = {isa = PBXFileReference; explicitFileType = wrapper.application; includeInIndex = 0; path = FonzMusicSwift.app; sourceTree = BUILT_PRODUCTS_DIR; };
		2677029026347ECD00B8BC92 /* FonzMusicSwiftApp.swift */ = {isa = PBXFileReference; lastKnownFileType = sourcecode.swift; path = FonzMusicSwiftApp.swift; sourceTree = "<group>"; };
		2677029226347ECD00B8BC92 /* ContentView.swift */ = {isa = PBXFileReference; lastKnownFileType = sourcecode.swift; path = ContentView.swift; sourceTree = "<group>"; };
		2677029426347ED100B8BC92 /* Assets.xcassets */ = {isa = PBXFileReference; lastKnownFileType = folder.assetcatalog; path = Assets.xcassets; sourceTree = "<group>"; };
		2677029726347ED100B8BC92 /* Preview Assets.xcassets */ = {isa = PBXFileReference; lastKnownFileType = folder.assetcatalog; path = "Preview Assets.xcassets"; sourceTree = "<group>"; };
		2677029926347ED100B8BC92 /* Info.plist */ = {isa = PBXFileReference; lastKnownFileType = text.plist.xml; path = Info.plist; sourceTree = "<group>"; };
		269D0151267182A000A1DFEE /* SpotifySignInApi.swift */ = {isa = PBXFileReference; lastKnownFileType = sourcecode.swift; path = SpotifySignInApi.swift; sourceTree = "<group>"; };
		26AC89B32665410C00E1C41E /* ShareOnInstagram.swift */ = {isa = PBXFileReference; lastKnownFileType = sourcecode.swift; path = ShareOnInstagram.swift; sourceTree = "<group>"; };
		26AC89B82665745300E1C41E /* MuseoSans-500.otf */ = {isa = PBXFileReference; lastKnownFileType = file; path = "MuseoSans-500.otf"; sourceTree = "<group>"; };
		26AC89B92665745300E1C41E /* MuseoSans-100.otf */ = {isa = PBXFileReference; lastKnownFileType = file; path = "MuseoSans-100.otf"; sourceTree = "<group>"; };
		26AC89BA2665745300E1C41E /* MuseoSans-300.otf */ = {isa = PBXFileReference; lastKnownFileType = file; path = "MuseoSans-300.otf"; sourceTree = "<group>"; };
		26AC89BB2665745300E1C41E /* MuseoSans-700.otf */ = {isa = PBXFileReference; lastKnownFileType = file; path = "MuseoSans-700.otf"; sourceTree = "<group>"; };
		26AC89C02665781B00E1C41E /* ShareSheet.swift */ = {isa = PBXFileReference; lastKnownFileType = sourcecode.swift; path = ShareSheet.swift; sourceTree = "<group>"; };
		26AC89C52666C99600E1C41E /* FonzMusic-Bridging-Header.h */ = {isa = PBXFileReference; lastKnownFileType = sourcecode.c.h; path = "FonzMusic-Bridging-Header.h"; sourceTree = "<group>"; };
		26AC89CB2669600500E1C41E /* AsyncImage.swift */ = {isa = PBXFileReference; lastKnownFileType = sourcecode.swift; path = AsyncImage.swift; sourceTree = "<group>"; };
		26B65138263844340074F279 /* HostAddCoaster.swift */ = {isa = PBXFileReference; lastKnownFileType = sourcecode.swift; path = HostAddCoaster.swift; sourceTree = "<group>"; };
		26B6513B263845480074F279 /* SuccessAddedCoaster.swift */ = {isa = PBXFileReference; lastKnownFileType = sourcecode.swift; path = SuccessAddedCoaster.swift; sourceTree = "<group>"; };
		26B6513F263846EE0074F279 /* CoasterHasDifferentHost.swift */ = {isa = PBXFileReference; lastKnownFileType = sourcecode.swift; path = CoasterHasDifferentHost.swift; sourceTree = "<group>"; };
		26B65142263848A70074F279 /* ThisIsYourCoaster.swift */ = {isa = PBXFileReference; lastKnownFileType = sourcecode.swift; path = ThisIsYourCoaster.swift; sourceTree = "<group>"; };
		26B65145263863100074F279 /* CoasterDashboard.swift */ = {isa = PBXFileReference; lastKnownFileType = sourcecode.swift; path = CoasterDashboard.swift; sourceTree = "<group>"; };
		26B65148263865D10074F279 /* CoastersFromApi.swift */ = {isa = PBXFileReference; lastKnownFileType = sourcecode.swift; path = CoastersFromApi.swift; sourceTree = "<group>"; };
		26B6514C263866950074F279 /* HostCoasterInfo.swift */ = {isa = PBXFileReference; lastKnownFileType = sourcecode.swift; path = HostCoasterInfo.swift; sourceTree = "<group>"; };
		26B6514F263866BE0074F279 /* GlobalTrack.swift */ = {isa = PBXFileReference; lastKnownFileType = sourcecode.swift; path = GlobalTrack.swift; sourceTree = "<group>"; };
		26B65152263866E20074F279 /* UpdatePageviewVars.swift */ = {isa = PBXFileReference; lastKnownFileType = sourcecode.swift; path = UpdatePageviewVars.swift; sourceTree = "<group>"; };
		26B651552638671D0074F279 /* Track.swift */ = {isa = PBXFileReference; lastKnownFileType = sourcecode.swift; path = Track.swift; sourceTree = "<group>"; };
		26B65158263868E30074F279 /* HostView.swift */ = {isa = PBXFileReference; lastKnownFileType = sourcecode.swift; path = HostView.swift; sourceTree = "<group>"; };
		26B6515F26389D7B0074F279 /* HostCoasterApi.swift */ = {isa = PBXFileReference; lastKnownFileType = sourcecode.swift; path = HostCoasterApi.swift; sourceTree = "<group>"; };
		26B651632638A0610074F279 /* GlobalExtensions.swift */ = {isa = PBXFileReference; lastKnownFileType = sourcecode.swift; path = GlobalExtensions.swift; sourceTree = "<group>"; };
		26B651662638A1B30074F279 /* HostFonzSessionApi.swift */ = {isa = PBXFileReference; lastKnownFileType = sourcecode.swift; path = HostFonzSessionApi.swift; sourceTree = "<group>"; };
		26DB9A8B263484110030643D /* HostPage.swift */ = {isa = PBXFileReference; lastKnownFileType = sourcecode.swift; path = HostPage.swift; sourceTree = "<group>"; };
		26DB9A8E2634980F0030643D /* GuestView.swift */ = {isa = PBXFileReference; lastKnownFileType = sourcecode.swift; path = GuestView.swift; sourceTree = "<group>"; };
		26DB9A91263498390030643D /* HomePage.swift */ = {isa = PBXFileReference; lastKnownFileType = sourcecode.swift; path = HomePage.swift; sourceTree = "<group>"; };
		26DB9A9B263498CB0030643D /* JoinedParty.swift */ = {isa = PBXFileReference; lastKnownFileType = sourcecode.swift; path = JoinedParty.swift; sourceTree = "<group>"; };
		26DB9A9E263498E00030643D /* SuccessQueueSong.swift */ = {isa = PBXFileReference; lastKnownFileType = sourcecode.swift; path = SuccessQueueSong.swift; sourceTree = "<group>"; };
		26DB9AA1263498F90030643D /* UsedAllQueues.swift */ = {isa = PBXFileReference; lastKnownFileType = sourcecode.swift; path = UsedAllQueues.swift; sourceTree = "<group>"; };
		26DB9AA42634990D0030643D /* ErrorOnTap.swift */ = {isa = PBXFileReference; lastKnownFileType = sourcecode.swift; path = ErrorOnTap.swift; sourceTree = "<group>"; };
		26DB9AA7263499220030643D /* ErrorQueuingSong.swift */ = {isa = PBXFileReference; lastKnownFileType = sourcecode.swift; path = ErrorQueuingSong.swift; sourceTree = "<group>"; };
		26DB9AAA263499410030643D /* ErrorDeviceNotNfc.swift */ = {isa = PBXFileReference; lastKnownFileType = sourcecode.swift; path = ErrorDeviceNotNfc.swift; sourceTree = "<group>"; };
		26DB9AAD2634995B0030643D /* ErrorCoasterHasNoHost.swift */ = {isa = PBXFileReference; lastKnownFileType = sourcecode.swift; path = ErrorCoasterHasNoHost.swift; sourceTree = "<group>"; };
		26DB9AB0263499710030643D /* ErrorNotFonzCoaster.swift */ = {isa = PBXFileReference; lastKnownFileType = sourcecode.swift; path = ErrorNotFonzCoaster.swift; sourceTree = "<group>"; };
		26DB9AB3263499AB0030643D /* JoinParty.swift */ = {isa = PBXFileReference; lastKnownFileType = sourcecode.swift; path = JoinParty.swift; sourceTree = "<group>"; };
		26DB9AB6263499CF0030643D /* AlreadyJoinedAddNew.swift */ = {isa = PBXFileReference; lastKnownFileType = sourcecode.swift; path = AlreadyJoinedAddNew.swift; sourceTree = "<group>"; };
		26DB9AB9263499F00030643D /* SearchBarNoSuggestions.swift */ = {isa = PBXFileReference; lastKnownFileType = sourcecode.swift; path = SearchBarNoSuggestions.swift; sourceTree = "<group>"; };
		26DB9ABC26349A1D0030643D /* TracksFromSearch.swift */ = {isa = PBXFileReference; lastKnownFileType = sourcecode.swift; path = TracksFromSearch.swift; sourceTree = "<group>"; };
		26DB9ABF26349A8F0030643D /* QueueSongSheet.swift */ = {isa = PBXFileReference; lastKnownFileType = sourcecode.swift; path = QueueSongSheet.swift; sourceTree = "<group>"; };
		26DB9AC926349AEA0030643D /* LaunchJoinPartNfc.swift */ = {isa = PBXFileReference; lastKnownFileType = sourcecode.swift; path = LaunchJoinPartNfc.swift; sourceTree = "<group>"; };
		26DB9ACD26349B040030643D /* TryAgainNfc.swift */ = {isa = PBXFileReference; lastKnownFileType = sourcecode.swift; path = TryAgainNfc.swift; sourceTree = "<group>"; };
		26DB9AD026349B190030643D /* LaunchQueueSongNfc.swift */ = {isa = PBXFileReference; lastKnownFileType = sourcecode.swift; path = LaunchQueueSongNfc.swift; sourceTree = "<group>"; };
		26DB9AD726349B610030643D /* GuestApi.swift */ = {isa = PBXFileReference; lastKnownFileType = sourcecode.swift; path = GuestApi.swift; sourceTree = "<group>"; };
		26DB9ADD26349EBB0030643D /* ErrorNotSameCoaster.swift */ = {isa = PBXFileReference; lastKnownFileType = sourcecode.swift; path = ErrorNotSameCoaster.swift; sourceTree = "<group>"; };
		26DB9AF62634A2850030643D /* FonzMusicSwift.entitlements */ = {isa = PBXFileReference; lastKnownFileType = text.plist.entitlements; path = FonzMusicSwift.entitlements; sourceTree = "<group>"; };
		26DB9AFB2634A4370030643D /* GoogleService-Info.plist */ = {isa = PBXFileReference; fileEncoding = 4; lastKnownFileType = text.plist.xml; name = "GoogleService-Info.plist"; path = "../../Downloads/GoogleService-Info.plist"; sourceTree = "<group>"; };
		26DB9B222634A96B0030643D /* Colors.swift */ = {isa = PBXFileReference; lastKnownFileType = sourcecode.swift; path = Colors.swift; sourceTree = "<group>"; };
		26E8CFDE266D393A00CEB1F6 /* SpotifyiOS.framework */ = {isa = PBXFileReference; lastKnownFileType = wrapper.framework; path = SpotifyiOS.framework; sourceTree = "<group>"; };
		26E8CFE0266D3A0F00CEB1F6 /* SpotifyController.swift */ = {isa = PBXFileReference; fileEncoding = 4; lastKnownFileType = sourcecode.swift; path = SpotifyController.swift; sourceTree = "<group>"; };
		26ECCFD0268294E70053BE1F /* LaunchQueueSongWriteUrl.swift */ = {isa = PBXFileReference; fileEncoding = 4; lastKnownFileType = sourcecode.swift; path = LaunchQueueSongWriteUrl.swift; sourceTree = "<group>"; };
		26ECCFD2268295510053BE1F /* ActiveSongView.swift */ = {isa = PBXFileReference; lastKnownFileType = sourcecode.swift; path = ActiveSongView.swift; sourceTree = "<group>"; };
		26ECCFD52682A2350053BE1F /* SongSuggestionsView.swift */ = {isa = PBXFileReference; lastKnownFileType = sourcecode.swift; path = SongSuggestionsView.swift; sourceTree = "<group>"; };
		26ECCFD72682A27F0053BE1F /* YourTopSongs.swift */ = {isa = PBXFileReference; lastKnownFileType = sourcecode.swift; path = YourTopSongs.swift; sourceTree = "<group>"; };
		26ECCFDA2682AA500053BE1F /* YourFavoriteArtists.swift */ = {isa = PBXFileReference; lastKnownFileType = sourcecode.swift; path = YourFavoriteArtists.swift; sourceTree = "<group>"; };
		26ECCFDC2682B0A60053BE1F /* Artist.swift */ = {isa = PBXFileReference; lastKnownFileType = sourcecode.swift; path = Artist.swift; sourceTree = "<group>"; };
		26ECCFDE2682B0DA0053BE1F /* Playlist.swift */ = {isa = PBXFileReference; lastKnownFileType = sourcecode.swift; path = Playlist.swift; sourceTree = "<group>"; };
		26ECCFE02682B6960053BE1F /* YourTopPlaylists.swift */ = {isa = PBXFileReference; lastKnownFileType = sourcecode.swift; path = YourTopPlaylists.swift; sourceTree = "<group>"; };
		26ECCFE22682BE210053BE1F /* SongListModal.swift */ = {isa = PBXFileReference; lastKnownFileType = sourcecode.swift; path = SongListModal.swift; sourceTree = "<group>"; };
		4B480C69CB1494108CA6C68C /* libPods-FonzMusicSwift.a */ = {isa = PBXFileReference; explicitFileType = archive.ar; includeInIndex = 0; path = "libPods-FonzMusicSwift.a"; sourceTree = BUILT_PRODUCTS_DIR; };
		5045F2117E00BCFEA787D4B1 /* Pods-FonzMusicSwift.debug.xcconfig */ = {isa = PBXFileReference; includeInIndex = 1; lastKnownFileType = text.xcconfig; name = "Pods-FonzMusicSwift.debug.xcconfig"; path = "Target Support Files/Pods-FonzMusicSwift/Pods-FonzMusicSwift.debug.xcconfig"; sourceTree = "<group>"; };
		E49150DFE53C30EAB099DB99 /* Pods-FonzMusicSwift.release.xcconfig */ = {isa = PBXFileReference; includeInIndex = 1; lastKnownFileType = text.xcconfig; name = "Pods-FonzMusicSwift.release.xcconfig"; path = "Target Support Files/Pods-FonzMusicSwift/Pods-FonzMusicSwift.release.xcconfig"; sourceTree = "<group>"; };
/* End PBXFileReference section */

/* Begin PBXFrameworksBuildPhase section */
		2677028A26347ECD00B8BC92 /* Frameworks */ = {
			isa = PBXFrameworksBuildPhase;
			buildActionMask = 2147483647;
			files = (
				2634B239264B0B0600BB928B /* Neumorphic in Frameworks */,
				26E8CFDF266D393A00CEB1F6 /* SpotifyiOS.framework in Frameworks */,
				E4595E496192AD1C55E93E1F /* libPods-FonzMusicSwift.a in Frameworks */,
				265634BD267815B900FD6F27 /* Crypto in Frameworks */,
			);
			runOnlyForDeploymentPostprocessing = 0;
		};
/* End PBXFrameworksBuildPhase section */

/* Begin PBXGroup section */
		2609AD51263DB7E200337A02 /* HostAddSpotify */ = {
			isa = PBXGroup;
			children = (
				2609AD52263DB80400337A02 /* HostAddSpotify.swift */,
			);
			path = HostAddSpotify;
			sourceTree = "<group>";
		};
		2620B8A62679268E004FE721 /* SearchTab */ = {
			isa = PBXGroup;
			children = (
				26691F6C267AC65900C83696 /* HomePageViews */,
				26691F67267AC45100C83696 /* SearchBarViews */,
				2620B8A42679261F004FE721 /* SearchBar.swift */,
				2620B8A7267926C2004FE721 /* HomePageDecision.swift */,
			);
			path = SearchTab;
			sourceTree = "<group>";
		};
		26659BC1263BA32D0008FD1F /* GuestNFc */ = {
			isa = PBXGroup;
			children = (
				26DB9AC926349AEA0030643D /* LaunchJoinPartNfc.swift */,
				26DB9ACD26349B040030643D /* TryAgainNfc.swift */,
				26DB9AD026349B190030643D /* LaunchQueueSongNfc.swift */,
				26ECCFD0268294E70053BE1F /* LaunchQueueSongWriteUrl.swift */,
			);
			path = GuestNFc;
			sourceTree = "<group>";
		};
		26659BC2263BA34E0008FD1F /* HostNfc */ = {
			isa = PBXGroup;
			children = (
				26659BC3263BA36B0008FD1F /* LaunchConnectCoasterNfc.swift */,
			);
			path = HostNfc;
			sourceTree = "<group>";
		};
		26691F67267AC45100C83696 /* SearchBarViews */ = {
			isa = PBXGroup;
			children = (
				26ECCFD92682A6A90053BE1F /* SongSearchBarViews */,
				26ECCFD42682A21C0053BE1F /* SongSuggestionsViews */,
				26ECCFD2268295510053BE1F /* ActiveSongView.swift */,
				26ECCFD52682A2350053BE1F /* SongSuggestionsView.swift */,
			);
			path = SearchBarViews;
			sourceTree = "<group>";
		};
		26691F6C267AC65900C83696 /* HomePageViews */ = {
			isa = PBXGroup;
			children = (
				26691F6D267AC67400C83696 /* HostAPartyButton.swift */,
				26691F6F267AC69A00C83696 /* JoinAPartyButton.swift */,
				26691F71267AC6BF00C83696 /* JoinSuccessfulCircle.swift */,
				26691F73267AC6D100C83696 /* FailPartyJoin.swift */,
			);
			path = HomePageViews;
			sourceTree = "<group>";
		};
		26691F77267ACB2E00C83696 /* HostTab */ = {
			isa = PBXGroup;
			children = (
				26691F78267ACB3B00C83696 /* HostSetup.swift */,
			);
			path = HostTab;
			sourceTree = "<group>";
		};
		2677028426347ECD00B8BC92 = {
			isa = PBXGroup;
			children = (
				26AC89C52666C99600E1C41E /* FonzMusic-Bridging-Header.h */,
				2677028F26347ECD00B8BC92 /* FonzMusicSwift */,
				2677028E26347ECD00B8BC92 /* Products */,
				3388F0F5BB427393EA39D144 /* Pods */,
				674F8D2472614C8E34995D41 /* Frameworks */,
			);
			sourceTree = "<group>";
		};
		2677028E26347ECD00B8BC92 /* Products */ = {
			isa = PBXGroup;
			children = (
				2677028D26347ECD00B8BC92 /* FonzMusicSwift.app */,
			);
			name = Products;
			sourceTree = "<group>";
		};
		2677028F26347ECD00B8BC92 /* FonzMusicSwift */ = {
			isa = PBXGroup;
			children = (
				26691F77267ACB2E00C83696 /* HostTab */,
				2620B8A62679268E004FE721 /* SearchTab */,
				26AC89B7266573D200E1C41E /* FontResources */,
				26DB9B1A2634A61D0030643D /* GlobalComponents */,
				26DB9AD626349B3E0030643D /* ApiMethods */,
				26DB9A8A263484020030643D /* MainViews */,
				26DB9AC826349AD20030643D /* NfcClasses */,
				26DB9A942634985C0030643D /* GuestPages */,
				26DB9B1C2634A6CE0030643D /* HostPages */,
				2677029026347ECD00B8BC92 /* FonzMusicSwiftApp.swift */,
				2677029226347ECD00B8BC92 /* ContentView.swift */,
				2677029426347ED100B8BC92 /* Assets.xcassets */,
				26DB9AF62634A2850030643D /* FonzMusicSwift.entitlements */,
				26DB9AFB2634A4370030643D /* GoogleService-Info.plist */,
				26E8CFE0266D3A0F00CEB1F6 /* SpotifyController.swift */,
				2677029926347ED100B8BC92 /* Info.plist */,
				2677029626347ED100B8BC92 /* Preview Content */,
			);
			path = FonzMusicSwift;
			sourceTree = "<group>";
		};
		2677029626347ED100B8BC92 /* Preview Content */ = {
			isa = PBXGroup;
			children = (
				2677029726347ED100B8BC92 /* Preview Assets.xcassets */,
			);
			path = "Preview Content";
			sourceTree = "<group>";
		};
		269D01502671828500A1DFEE /* GlobalMethods */ = {
			isa = PBXGroup;
			children = (
				269D0151267182A000A1DFEE /* SpotifySignInApi.swift */,
			);
			path = GlobalMethods;
			sourceTree = "<group>";
		};
		26AC89B2266540F800E1C41E /* ShareOptions */ = {
			isa = PBXGroup;
			children = (
				26AC89B32665410C00E1C41E /* ShareOnInstagram.swift */,
				26AC89C02665781B00E1C41E /* ShareSheet.swift */,
			);
			path = ShareOptions;
			sourceTree = "<group>";
		};
		26AC89B7266573D200E1C41E /* FontResources */ = {
			isa = PBXGroup;
			children = (
				26AC89B92665745300E1C41E /* MuseoSans-100.otf */,
				26AC89BA2665745300E1C41E /* MuseoSans-300.otf */,
				26AC89B82665745300E1C41E /* MuseoSans-500.otf */,
				26AC89BB2665745300E1C41E /* MuseoSans-700.otf */,
			);
			path = FontResources;
			sourceTree = "<group>";
		};
		26B65137263844170074F279 /* HostSuccess */ = {
			isa = PBXGroup;
			children = (
				26B6513B263845480074F279 /* SuccessAddedCoaster.swift */,
			);
			path = HostSuccess;
			sourceTree = "<group>";
		};
		26B6514B263866840074F279 /* Objects */ = {
			isa = PBXGroup;
			children = (
				26B6514C263866950074F279 /* HostCoasterInfo.swift */,
				26B6514F263866BE0074F279 /* GlobalTrack.swift */,
				26B65152263866E20074F279 /* UpdatePageviewVars.swift */,
				26B651552638671D0074F279 /* Track.swift */,
				26AC89CB2669600500E1C41E /* AsyncImage.swift */,
				26ECCFDC2682B0A60053BE1F /* Artist.swift */,
				26ECCFDE2682B0DA0053BE1F /* Playlist.swift */,
			);
			path = Objects;
			sourceTree = "<group>";
		};
		26B6515E26389D6B0074F279 /* HostMethods */ = {
			isa = PBXGroup;
			children = (
				26B6515F26389D7B0074F279 /* HostCoasterApi.swift */,
				26B651662638A1B30074F279 /* HostFonzSessionApi.swift */,
			);
			path = HostMethods;
			sourceTree = "<group>";
		};
		26DB9A8A263484020030643D /* MainViews */ = {
			isa = PBXGroup;
			children = (
				26DB9A8B263484110030643D /* HostPage.swift */,
				26DB9A8E2634980F0030643D /* GuestView.swift */,
				26DB9A91263498390030643D /* HomePage.swift */,
				26B65158263868E30074F279 /* HostView.swift */,
				265634C02678341E00FD6F27 /* SettingsPage.swift */,
				2620B8A226792599004FE721 /* SearchTab.swift */,
				26691F75267ACA9E00C83696 /* HostTab.swift */,
			);
			path = MainViews;
			sourceTree = "<group>";
		};
		26DB9A942634985C0030643D /* GuestPages */ = {
			isa = PBXGroup;
			children = (
				26DB9A9A263498AC0030643D /* SuccessPages */,
				26DB9A99263498A60030643D /* ErrorPages */,
				26DB9A982634989C0030643D /* JoinPartyPages */,
				26DB9A97263498870030643D /* SearchPages */,
				26DB9A96263498760030643D /* QueueSongModals */,
			);
			path = GuestPages;
			sourceTree = "<group>";
		};
		26DB9A96263498760030643D /* QueueSongModals */ = {
			isa = PBXGroup;
			children = (
				26DB9ABF26349A8F0030643D /* QueueSongSheet.swift */,
			);
			path = QueueSongModals;
			sourceTree = "<group>";
		};
		26DB9A97263498870030643D /* SearchPages */ = {
			isa = PBXGroup;
			children = (
				26DB9AB9263499F00030643D /* SearchBarNoSuggestions.swift */,
				26DB9ABC26349A1D0030643D /* TracksFromSearch.swift */,
			);
			path = SearchPages;
			sourceTree = "<group>";
		};
		26DB9A982634989C0030643D /* JoinPartyPages */ = {
			isa = PBXGroup;
			children = (
				26DB9AB3263499AB0030643D /* JoinParty.swift */,
				26DB9AB6263499CF0030643D /* AlreadyJoinedAddNew.swift */,
			);
			path = JoinPartyPages;
			sourceTree = "<group>";
		};
		26DB9A99263498A60030643D /* ErrorPages */ = {
			isa = PBXGroup;
			children = (
				26DB9AA1263498F90030643D /* UsedAllQueues.swift */,
				26DB9AA7263499220030643D /* ErrorQueuingSong.swift */,
				26DB9AAD2634995B0030643D /* ErrorCoasterHasNoHost.swift */,
				26DB9ADD26349EBB0030643D /* ErrorNotSameCoaster.swift */,
			);
			path = ErrorPages;
			sourceTree = "<group>";
		};
		26DB9A9A263498AC0030643D /* SuccessPages */ = {
			isa = PBXGroup;
			children = (
				26DB9A9B263498CB0030643D /* JoinedParty.swift */,
				26DB9A9E263498E00030643D /* SuccessQueueSong.swift */,
			);
			path = SuccessPages;
			sourceTree = "<group>";
		};
		26DB9AC826349AD20030643D /* NfcClasses */ = {
			isa = PBXGroup;
			children = (
				26659BC2263BA34E0008FD1F /* HostNfc */,
				26659BC1263BA32D0008FD1F /* GuestNFc */,
			);
			path = NfcClasses;
			sourceTree = "<group>";
		};
		26DB9AD626349B3E0030643D /* ApiMethods */ = {
			isa = PBXGroup;
			children = (
				269D01502671828500A1DFEE /* GlobalMethods */,
				26B6515E26389D6B0074F279 /* HostMethods */,
				26DB9AD726349B610030643D /* GuestApi.swift */,
			);
			path = ApiMethods;
			sourceTree = "<group>";
		};
		26DB9B1A2634A61D0030643D /* GlobalComponents */ = {
			isa = PBXGroup;
			children = (
				26AC89B2266540F800E1C41E /* ShareOptions */,
				26B6514B263866840074F279 /* Objects */,
				26DB9B212634A95D0030643D /* FrontEnd */,
				26DB9B1F2634A7BF0030643D /* SignInSpotify */,
				26DB9B1B2634A6280030643D /* GlobalErrorPages */,
				26B651632638A0610074F279 /* GlobalExtensions.swift */,
				265634B9267814DB00FD6F27 /* StringExtensions.swift */,
				265634BE2678163000FD6F27 /* DataExtension.swift */,
			);
			path = GlobalComponents;
			sourceTree = "<group>";
		};
		26DB9B1B2634A6280030643D /* GlobalErrorPages */ = {
			isa = PBXGroup;
			children = (
				26DB9AA42634990D0030643D /* ErrorOnTap.swift */,
				26DB9AAA263499410030643D /* ErrorDeviceNotNfc.swift */,
				26DB9AB0263499710030643D /* ErrorNotFonzCoaster.swift */,
			);
			path = GlobalErrorPages;
			sourceTree = "<group>";
		};
		26DB9B1C2634A6CE0030643D /* HostPages */ = {
			isa = PBXGroup;
			children = (
				2609AD51263DB7E200337A02 /* HostAddSpotify */,
				26B65137263844170074F279 /* HostSuccess */,
				26DB9B1E2634A76D0030643D /* HostAddCoaster */,
				26DB9B1D2634A6D80030643D /* HostManageCoasters */,
			);
			path = HostPages;
			sourceTree = "<group>";
		};
		26DB9B1D2634A6D80030643D /* HostManageCoasters */ = {
			isa = PBXGroup;
			children = (
				26B65145263863100074F279 /* CoasterDashboard.swift */,
				26B65148263865D10074F279 /* CoastersFromApi.swift */,
				26659BB5263B32770008FD1F /* NameCoaster.swift */,
				26659BB8263B62F20008FD1F /* PauseCoaster.swift */,
				26659BBB263B67040008FD1F /* DisconnectCoaster.swift */,
				26659BBE263B6B4D0008FD1F /* ManageCoasterView.swift */,
			);
			path = HostManageCoasters;
			sourceTree = "<group>";
		};
		26DB9B1E2634A76D0030643D /* HostAddCoaster */ = {
			isa = PBXGroup;
			children = (
				26B65138263844340074F279 /* HostAddCoaster.swift */,
				26B6513F263846EE0074F279 /* CoasterHasDifferentHost.swift */,
				26B65142263848A70074F279 /* ThisIsYourCoaster.swift */,
			);
			path = HostAddCoaster;
			sourceTree = "<group>";
		};
		26DB9B1F2634A7BF0030643D /* SignInSpotify */ = {
			isa = PBXGroup;
			children = (
				2609AD55263DBDBE00337A02 /* SpotifyWebViewWk.swift */,
				2609AD58263DC2F900337A02 /* SpotifyViewRep.swift */,
			);
			path = SignInSpotify;
			sourceTree = "<group>";
		};
		26DB9B212634A95D0030643D /* FrontEnd */ = {
			isa = PBXGroup;
			children = (
				26DB9B222634A96B0030643D /* Colors.swift */,
				2620B8A926795A8B004FE721 /* NeumorphicButton.swift */,
				26691F63267AABDF00C83696 /* View.swift */,
			);
			path = FrontEnd;
			sourceTree = "<group>";
		};
		26ECCFD42682A21C0053BE1F /* SongSuggestionsViews */ = {
			isa = PBXGroup;
			children = (
				26ECCFD72682A27F0053BE1F /* YourTopSongs.swift */,
				26ECCFDA2682AA500053BE1F /* YourFavoriteArtists.swift */,
				26ECCFE02682B6960053BE1F /* YourTopPlaylists.swift */,
				26ECCFE22682BE210053BE1F /* SongListModal.swift */,
			);
			path = SongSuggestionsViews;
			sourceTree = "<group>";
		};
		26ECCFD92682A6A90053BE1F /* SongSearchBarViews */ = {
			isa = PBXGroup;
			children = (
				26691F65267AB89A00C83696 /* SongResultItem.swift */,
				26691F6A267AC48400C83696 /* SearchBarView.swift */,
				26691F68267AC46A00C83696 /* SearchResultsView.swift */,
			);
			path = SongSearchBarViews;
			sourceTree = "<group>";
		};
		3388F0F5BB427393EA39D144 /* Pods */ = {
			isa = PBXGroup;
			children = (
				5045F2117E00BCFEA787D4B1 /* Pods-FonzMusicSwift.debug.xcconfig */,
				E49150DFE53C30EAB099DB99 /* Pods-FonzMusicSwift.release.xcconfig */,
			);
			path = Pods;
			sourceTree = "<group>";
		};
		674F8D2472614C8E34995D41 /* Frameworks */ = {
			isa = PBXGroup;
			children = (
				26E8CFDE266D393A00CEB1F6 /* SpotifyiOS.framework */,
				4B480C69CB1494108CA6C68C /* libPods-FonzMusicSwift.a */,
			);
			name = Frameworks;
			sourceTree = "<group>";
		};
/* End PBXGroup section */

/* Begin PBXNativeTarget section */
		2677028C26347ECD00B8BC92 /* FonzMusicSwift */ = {
			isa = PBXNativeTarget;
			buildConfigurationList = 2677029C26347ED100B8BC92 /* Build configuration list for PBXNativeTarget "FonzMusicSwift" */;
			buildPhases = (
				7A25DD1065F23059EFBA7190 /* [CP] Check Pods Manifest.lock */,
				2677028926347ECD00B8BC92 /* Sources */,
				2677028A26347ECD00B8BC92 /* Frameworks */,
				2677028B26347ECD00B8BC92 /* Resources */,
			);
			buildRules = (
			);
			dependencies = (
			);
			name = FonzMusicSwift;
			packageProductDependencies = (
				2634B238264B0B0600BB928B /* Neumorphic */,
				265634BC267815B900FD6F27 /* Crypto */,
			);
			productName = FonzMusicSwift;
			productReference = 2677028D26347ECD00B8BC92 /* FonzMusicSwift.app */;
			productType = "com.apple.product-type.application";
		};
/* End PBXNativeTarget section */

/* Begin PBXProject section */
		2677028526347ECD00B8BC92 /* Project object */ = {
			isa = PBXProject;
			attributes = {
				LastSwiftUpdateCheck = 1240;
				LastUpgradeCheck = 1240;
				TargetAttributes = {
					2677028C26347ECD00B8BC92 = {
						CreatedOnToolsVersion = 12.4;
					};
				};
			};
			buildConfigurationList = 2677028826347ECD00B8BC92 /* Build configuration list for PBXProject "FonzMusicSwift" */;
			compatibilityVersion = "Xcode 9.3";
			developmentRegion = en;
			hasScannedForEncodings = 0;
			knownRegions = (
				en,
				Base,
			);
			mainGroup = 2677028426347ECD00B8BC92;
			packageReferences = (
				2634B237264B0B0600BB928B /* XCRemoteSwiftPackageReference "neumorphic" */,
				265634BB267815B900FD6F27 /* XCRemoteSwiftPackageReference "swift-crypto" */,
			);
			productRefGroup = 2677028E26347ECD00B8BC92 /* Products */;
			projectDirPath = "";
			projectRoot = "";
			targets = (
				2677028C26347ECD00B8BC92 /* FonzMusicSwift */,
			);
		};
/* End PBXProject section */

/* Begin PBXResourcesBuildPhase section */
		2677028B26347ECD00B8BC92 /* Resources */ = {
			isa = PBXResourcesBuildPhase;
			buildActionMask = 2147483647;
			files = (
				26AC89BC2665745300E1C41E /* MuseoSans-500.otf in Resources */,
				2677029826347ED100B8BC92 /* Preview Assets.xcassets in Resources */,
				26AC89BE2665745300E1C41E /* MuseoSans-300.otf in Resources */,
				26DB9AFC2634A4370030643D /* GoogleService-Info.plist in Resources */,
				26AC89BD2665745300E1C41E /* MuseoSans-100.otf in Resources */,
				26AC89BF2665745300E1C41E /* MuseoSans-700.otf in Resources */,
				2677029526347ED100B8BC92 /* Assets.xcassets in Resources */,
			);
			runOnlyForDeploymentPostprocessing = 0;
		};
/* End PBXResourcesBuildPhase section */

/* Begin PBXShellScriptBuildPhase section */
		7A25DD1065F23059EFBA7190 /* [CP] Check Pods Manifest.lock */ = {
			isa = PBXShellScriptBuildPhase;
			buildActionMask = 2147483647;
			files = (
			);
			inputFileListPaths = (
			);
			inputPaths = (
				"${PODS_PODFILE_DIR_PATH}/Podfile.lock",
				"${PODS_ROOT}/Manifest.lock",
			);
			name = "[CP] Check Pods Manifest.lock";
			outputFileListPaths = (
			);
			outputPaths = (
				"$(DERIVED_FILE_DIR)/Pods-FonzMusicSwift-checkManifestLockResult.txt",
			);
			runOnlyForDeploymentPostprocessing = 0;
			shellPath = /bin/sh;
			shellScript = "diff \"${PODS_PODFILE_DIR_PATH}/Podfile.lock\" \"${PODS_ROOT}/Manifest.lock\" > /dev/null\nif [ $? != 0 ] ; then\n    # print error to STDERR\n    echo \"error: The sandbox is not in sync with the Podfile.lock. Run 'pod install' or update your CocoaPods installation.\" >&2\n    exit 1\nfi\n# This output is used by Xcode 'outputs' to avoid re-running this script phase.\necho \"SUCCESS\" > \"${SCRIPT_OUTPUT_FILE_0}\"\n";
			showEnvVarsInLog = 0;
		};
/* End PBXShellScriptBuildPhase section */

/* Begin PBXSourcesBuildPhase section */
		2677028926347ECD00B8BC92 /* Sources */ = {
			isa = PBXSourcesBuildPhase;
			buildActionMask = 2147483647;
			files = (
				26B65153263866E20074F279 /* UpdatePageviewVars.swift in Sources */,
				26DB9AA2263498F90030643D /* UsedAllQueues.swift in Sources */,
				26DB9A92263498390030643D /* HomePage.swift in Sources */,
				26B65146263863100074F279 /* CoasterDashboard.swift in Sources */,
				26B651672638A1B30074F279 /* HostFonzSessionApi.swift in Sources */,
				26B65150263866BE0074F279 /* GlobalTrack.swift in Sources */,
				2609AD59263DC2F900337A02 /* SpotifyViewRep.swift in Sources */,
				265634BF2678163000FD6F27 /* DataExtension.swift in Sources */,
				26ECCFE12682B6960053BE1F /* YourTopPlaylists.swift in Sources */,
				26659BB6263B32770008FD1F /* NameCoaster.swift in Sources */,
				26ECCFD3268295510053BE1F /* ActiveSongView.swift in Sources */,
				26B65143263848A70074F279 /* ThisIsYourCoaster.swift in Sources */,
				26691F6B267AC48400C83696 /* SearchBarView.swift in Sources */,
				26691F72267AC6BF00C83696 /* JoinSuccessfulCircle.swift in Sources */,
				26ECCFDB2682AA500053BE1F /* YourFavoriteArtists.swift in Sources */,
				26B651562638671D0074F279 /* Track.swift in Sources */,
				26DB9ACE26349B040030643D /* TryAgainNfc.swift in Sources */,
				2677029326347ECD00B8BC92 /* ContentView.swift in Sources */,
				26DB9A8F2634980F0030643D /* GuestView.swift in Sources */,
				26691F79267ACB3B00C83696 /* HostSetup.swift in Sources */,
				2609AD56263DBDBE00337A02 /* SpotifyWebViewWk.swift in Sources */,
				26DB9A9F263498E00030643D /* SuccessQueueSong.swift in Sources */,
				26DB9B232634A96B0030643D /* Colors.swift in Sources */,
				26B65139263844340074F279 /* HostAddCoaster.swift in Sources */,
				26691F70267AC69A00C83696 /* JoinAPartyButton.swift in Sources */,
				26DB9ABD26349A1D0030643D /* TracksFromSearch.swift in Sources */,
				26B651642638A0610074F279 /* GlobalExtensions.swift in Sources */,
				26659BBC263B67040008FD1F /* DisconnectCoaster.swift in Sources */,
				26B6516026389D7B0074F279 /* HostCoasterApi.swift in Sources */,
				26691F66267AB89A00C83696 /* SongResultItem.swift in Sources */,
				26B6514D263866950074F279 /* HostCoasterInfo.swift in Sources */,
				26DB9A9C263498CB0030643D /* JoinedParty.swift in Sources */,
				26DB9AD126349B190030643D /* LaunchQueueSongNfc.swift in Sources */,
				26DB9AA52634990D0030643D /* ErrorOnTap.swift in Sources */,
				26691F6E267AC67400C83696 /* HostAPartyButton.swift in Sources */,
				26ECCFDD2682B0A60053BE1F /* Artist.swift in Sources */,
				269D0152267182A000A1DFEE /* SpotifySignInApi.swift in Sources */,
				2677029126347ECD00B8BC92 /* FonzMusicSwiftApp.swift in Sources */,
				26DB9AB7263499CF0030643D /* AlreadyJoinedAddNew.swift in Sources */,
				26DB9AB1263499710030643D /* ErrorNotFonzCoaster.swift in Sources */,
				26DB9ABA263499F00030643D /* SearchBarNoSuggestions.swift in Sources */,
				2609AD53263DB80400337A02 /* HostAddSpotify.swift in Sources */,
				26691F69267AC46A00C83696 /* SearchResultsView.swift in Sources */,
				26691F64267AABDF00C83696 /* View.swift in Sources */,
				26ECCFD82682A27F0053BE1F /* YourTopSongs.swift in Sources */,
				26ECCFDF2682B0DA0053BE1F /* Playlist.swift in Sources */,
				26AC89CC2669600500E1C41E /* AsyncImage.swift in Sources */,
				2620B8AA26795A8C004FE721 /* NeumorphicButton.swift in Sources */,
				26691F76267ACA9E00C83696 /* HostTab.swift in Sources */,
				26659BBF263B6B4D0008FD1F /* ManageCoasterView.swift in Sources */,
				26B65159263868E30074F279 /* HostView.swift in Sources */,
				26659BC4263BA36B0008FD1F /* LaunchConnectCoasterNfc.swift in Sources */,
				26DB9ADE26349EBB0030643D /* ErrorNotSameCoaster.swift in Sources */,
				26DB9AAE2634995B0030643D /* ErrorCoasterHasNoHost.swift in Sources */,
				26B65140263846EE0074F279 /* CoasterHasDifferentHost.swift in Sources */,
				26659BB9263B62F20008FD1F /* PauseCoaster.swift in Sources */,
				26DB9AB4263499AB0030643D /* JoinParty.swift in Sources */,
				26691F74267AC6D100C83696 /* FailPartyJoin.swift in Sources */,
				26DB9AC026349A8F0030643D /* QueueSongSheet.swift in Sources */,
				265634BA267814DB00FD6F27 /* StringExtensions.swift in Sources */,
				26AC89B42665410C00E1C41E /* ShareOnInstagram.swift in Sources */,
				26ECCFE32682BE210053BE1F /* SongListModal.swift in Sources */,
				26ECCFD62682A2350053BE1F /* SongSuggestionsView.swift in Sources */,
				2620B8A8267926C2004FE721 /* HomePageDecision.swift in Sources */,
				26DB9AAB263499410030643D /* ErrorDeviceNotNfc.swift in Sources */,
				26DB9ACA26349AEA0030643D /* LaunchJoinPartNfc.swift in Sources */,
				26DB9AA8263499220030643D /* ErrorQueuingSong.swift in Sources */,
				26B65149263865D10074F279 /* CoastersFromApi.swift in Sources */,
				265634C12678341E00FD6F27 /* SettingsPage.swift in Sources */,
				26DB9AD826349B610030643D /* GuestApi.swift in Sources */,
				26ECCFD1268294E70053BE1F /* LaunchQueueSongWriteUrl.swift in Sources */,
				26B6513C263845480074F279 /* SuccessAddedCoaster.swift in Sources */,
				26DB9A8C263484110030643D /* HostPage.swift in Sources */,
				2620B8A52679261F004FE721 /* SearchBar.swift in Sources */,
				26E8CFE1266D3A0F00CEB1F6 /* SpotifyController.swift in Sources */,
				26AC89C12665781B00E1C41E /* ShareSheet.swift in Sources */,
				2620B8A326792599004FE721 /* SearchTab.swift in Sources */,
			);
			runOnlyForDeploymentPostprocessing = 0;
		};
/* End PBXSourcesBuildPhase section */

/* Begin XCBuildConfiguration section */
		2677029A26347ED100B8BC92 /* Debug */ = {
			isa = XCBuildConfiguration;
			buildSettings = {
				ALWAYS_SEARCH_USER_PATHS = NO;
				CLANG_ANALYZER_NONNULL = YES;
				CLANG_ANALYZER_NUMBER_OBJECT_CONVERSION = YES_AGGRESSIVE;
				CLANG_CXX_LANGUAGE_STANDARD = "gnu++14";
				CLANG_CXX_LIBRARY = "libc++";
				CLANG_ENABLE_MODULES = YES;
				CLANG_ENABLE_OBJC_ARC = YES;
				CLANG_ENABLE_OBJC_WEAK = YES;
				CLANG_WARN_BLOCK_CAPTURE_AUTORELEASING = YES;
				CLANG_WARN_BOOL_CONVERSION = YES;
				CLANG_WARN_COMMA = YES;
				CLANG_WARN_CONSTANT_CONVERSION = YES;
				CLANG_WARN_DEPRECATED_OBJC_IMPLEMENTATIONS = YES;
				CLANG_WARN_DIRECT_OBJC_ISA_USAGE = YES_ERROR;
				CLANG_WARN_DOCUMENTATION_COMMENTS = YES;
				CLANG_WARN_EMPTY_BODY = YES;
				CLANG_WARN_ENUM_CONVERSION = YES;
				CLANG_WARN_INFINITE_RECURSION = YES;
				CLANG_WARN_INT_CONVERSION = YES;
				CLANG_WARN_NON_LITERAL_NULL_CONVERSION = YES;
				CLANG_WARN_OBJC_IMPLICIT_RETAIN_SELF = YES;
				CLANG_WARN_OBJC_LITERAL_CONVERSION = YES;
				CLANG_WARN_OBJC_ROOT_CLASS = YES_ERROR;
				CLANG_WARN_QUOTED_INCLUDE_IN_FRAMEWORK_HEADER = YES;
				CLANG_WARN_RANGE_LOOP_ANALYSIS = YES;
				CLANG_WARN_STRICT_PROTOTYPES = YES;
				CLANG_WARN_SUSPICIOUS_MOVE = YES;
				CLANG_WARN_UNGUARDED_AVAILABILITY = YES_AGGRESSIVE;
				CLANG_WARN_UNREACHABLE_CODE = YES;
				CLANG_WARN__DUPLICATE_METHOD_MATCH = YES;
				COPY_PHASE_STRIP = NO;
				DEBUG_INFORMATION_FORMAT = dwarf;
				ENABLE_STRICT_OBJC_MSGSEND = YES;
				ENABLE_TESTABILITY = YES;
				GCC_C_LANGUAGE_STANDARD = gnu11;
				GCC_DYNAMIC_NO_PIC = NO;
				GCC_NO_COMMON_BLOCKS = YES;
				GCC_OPTIMIZATION_LEVEL = 0;
				GCC_PREPROCESSOR_DEFINITIONS = (
					"DEBUG=1",
					"$(inherited)",
				);
				GCC_WARN_64_TO_32_BIT_CONVERSION = YES;
				GCC_WARN_ABOUT_RETURN_TYPE = YES_ERROR;
				GCC_WARN_UNDECLARED_SELECTOR = YES;
				GCC_WARN_UNINITIALIZED_AUTOS = YES_AGGRESSIVE;
				GCC_WARN_UNUSED_FUNCTION = YES;
				GCC_WARN_UNUSED_VARIABLE = YES;
				IPHONEOS_DEPLOYMENT_TARGET = 14.1;
				MTL_ENABLE_DEBUG_INFO = INCLUDE_SOURCE;
				MTL_FAST_MATH = YES;
				ONLY_ACTIVE_ARCH = YES;
				SDKROOT = iphoneos;
				SWIFT_ACTIVE_COMPILATION_CONDITIONS = DEBUG;
				SWIFT_OPTIMIZATION_LEVEL = "-Onone";
			};
			name = Debug;
		};
		2677029B26347ED100B8BC92 /* Release */ = {
			isa = XCBuildConfiguration;
			buildSettings = {
				ALWAYS_SEARCH_USER_PATHS = NO;
				CLANG_ANALYZER_NONNULL = YES;
				CLANG_ANALYZER_NUMBER_OBJECT_CONVERSION = YES_AGGRESSIVE;
				CLANG_CXX_LANGUAGE_STANDARD = "gnu++14";
				CLANG_CXX_LIBRARY = "libc++";
				CLANG_ENABLE_MODULES = YES;
				CLANG_ENABLE_OBJC_ARC = YES;
				CLANG_ENABLE_OBJC_WEAK = YES;
				CLANG_WARN_BLOCK_CAPTURE_AUTORELEASING = YES;
				CLANG_WARN_BOOL_CONVERSION = YES;
				CLANG_WARN_COMMA = YES;
				CLANG_WARN_CONSTANT_CONVERSION = YES;
				CLANG_WARN_DEPRECATED_OBJC_IMPLEMENTATIONS = YES;
				CLANG_WARN_DIRECT_OBJC_ISA_USAGE = YES_ERROR;
				CLANG_WARN_DOCUMENTATION_COMMENTS = YES;
				CLANG_WARN_EMPTY_BODY = YES;
				CLANG_WARN_ENUM_CONVERSION = YES;
				CLANG_WARN_INFINITE_RECURSION = YES;
				CLANG_WARN_INT_CONVERSION = YES;
				CLANG_WARN_NON_LITERAL_NULL_CONVERSION = YES;
				CLANG_WARN_OBJC_IMPLICIT_RETAIN_SELF = YES;
				CLANG_WARN_OBJC_LITERAL_CONVERSION = YES;
				CLANG_WARN_OBJC_ROOT_CLASS = YES_ERROR;
				CLANG_WARN_QUOTED_INCLUDE_IN_FRAMEWORK_HEADER = YES;
				CLANG_WARN_RANGE_LOOP_ANALYSIS = YES;
				CLANG_WARN_STRICT_PROTOTYPES = YES;
				CLANG_WARN_SUSPICIOUS_MOVE = YES;
				CLANG_WARN_UNGUARDED_AVAILABILITY = YES_AGGRESSIVE;
				CLANG_WARN_UNREACHABLE_CODE = YES;
				CLANG_WARN__DUPLICATE_METHOD_MATCH = YES;
				COPY_PHASE_STRIP = NO;
				DEBUG_INFORMATION_FORMAT = "dwarf-with-dsym";
				ENABLE_NS_ASSERTIONS = NO;
				ENABLE_STRICT_OBJC_MSGSEND = YES;
				GCC_C_LANGUAGE_STANDARD = gnu11;
				GCC_NO_COMMON_BLOCKS = YES;
				GCC_WARN_64_TO_32_BIT_CONVERSION = YES;
				GCC_WARN_ABOUT_RETURN_TYPE = YES_ERROR;
				GCC_WARN_UNDECLARED_SELECTOR = YES;
				GCC_WARN_UNINITIALIZED_AUTOS = YES_AGGRESSIVE;
				GCC_WARN_UNUSED_FUNCTION = YES;
				GCC_WARN_UNUSED_VARIABLE = YES;
				IPHONEOS_DEPLOYMENT_TARGET = 14.1;
				MTL_ENABLE_DEBUG_INFO = NO;
				MTL_FAST_MATH = YES;
				SDKROOT = iphoneos;
				SWIFT_COMPILATION_MODE = wholemodule;
				SWIFT_OPTIMIZATION_LEVEL = "-O";
				VALIDATE_PRODUCT = YES;
			};
			name = Release;
		};
		2677029D26347ED100B8BC92 /* Debug */ = {
			isa = XCBuildConfiguration;
			baseConfigurationReference = 5045F2117E00BCFEA787D4B1 /* Pods-FonzMusicSwift.debug.xcconfig */;
			buildSettings = {
				ASSETCATALOG_COMPILER_APPICON_NAME = AppIcon;
				ASSETCATALOG_COMPILER_GLOBAL_ACCENT_COLOR_NAME = AccentColor;
				CODE_SIGN_ENTITLEMENTS = FonzMusicSwift/FonzMusicSwift.entitlements;
				CODE_SIGN_STYLE = Automatic;
				DEVELOPMENT_ASSET_PATHS = "\"FonzMusicSwift/Preview Content\"";
				DEVELOPMENT_TEAM = VW76JQGB68;
				ENABLE_PREVIEWS = YES;
				EXCLUDED_ARCHS = "";
				"EXCLUDED_ARCHS[sdk=*]" = "";
				FRAMEWORK_SEARCH_PATHS = (
					"$(inherited)",
					"$(PROJECT_DIR)",
				);
				INFOPLIST_FILE = FonzMusicSwift/Info.plist;
				IPHONEOS_DEPLOYMENT_TARGET = 14.0;
				LD_RUNPATH_SEARCH_PATHS = (
					"$(inherited)",
					"@executable_path/Frameworks",
				);
				PRODUCT_BUNDLE_IDENTIFIER = "fonz-music.FonzMusicSwift";
				PRODUCT_NAME = "$(TARGET_NAME)";
				SWIFT_OBJC_BRIDGING_HEADER = "FonzMusic-Bridging-Header.h";
				SWIFT_VERSION = 5.0;
				TARGETED_DEVICE_FAMILY = 1;
				VALIDATE_WORKSPACE = YES;
			};
			name = Debug;
		};
		2677029E26347ED100B8BC92 /* Release */ = {
			isa = XCBuildConfiguration;
			baseConfigurationReference = E49150DFE53C30EAB099DB99 /* Pods-FonzMusicSwift.release.xcconfig */;
			buildSettings = {
				ASSETCATALOG_COMPILER_APPICON_NAME = AppIcon;
				ASSETCATALOG_COMPILER_GLOBAL_ACCENT_COLOR_NAME = AccentColor;
				CODE_SIGN_ENTITLEMENTS = FonzMusicSwift/FonzMusicSwift.entitlements;
				CODE_SIGN_STYLE = Automatic;
				DEVELOPMENT_ASSET_PATHS = "\"FonzMusicSwift/Preview Content\"";
				DEVELOPMENT_TEAM = VW76JQGB68;
				ENABLE_PREVIEWS = YES;
				EXCLUDED_ARCHS = "";
				FRAMEWORK_SEARCH_PATHS = (
					"$(inherited)",
					"$(PROJECT_DIR)",
				);
				INFOPLIST_FILE = FonzMusicSwift/Info.plist;
				IPHONEOS_DEPLOYMENT_TARGET = 14.0;
				LD_RUNPATH_SEARCH_PATHS = (
					"$(inherited)",
					"@executable_path/Frameworks",
				);
				PRODUCT_BUNDLE_IDENTIFIER = "fonz-music.FonzMusicSwift";
				PRODUCT_NAME = "$(TARGET_NAME)";
				SWIFT_OBJC_BRIDGING_HEADER = "FonzMusic-Bridging-Header.h";
				SWIFT_VERSION = 5.0;
				TARGETED_DEVICE_FAMILY = 1;
				VALIDATE_WORKSPACE = YES;
			};
			name = Release;
		};
/* End XCBuildConfiguration section */

/* Begin XCConfigurationList section */
		2677028826347ECD00B8BC92 /* Build configuration list for PBXProject "FonzMusicSwift" */ = {
			isa = XCConfigurationList;
			buildConfigurations = (
				2677029A26347ED100B8BC92 /* Debug */,
				2677029B26347ED100B8BC92 /* Release */,
			);
			defaultConfigurationIsVisible = 0;
			defaultConfigurationName = Release;
		};
		2677029C26347ED100B8BC92 /* Build configuration list for PBXNativeTarget "FonzMusicSwift" */ = {
			isa = XCConfigurationList;
			buildConfigurations = (
				2677029D26347ED100B8BC92 /* Debug */,
				2677029E26347ED100B8BC92 /* Release */,
			);
			defaultConfigurationIsVisible = 0;
			defaultConfigurationName = Release;
		};
/* End XCConfigurationList section */

/* Begin XCRemoteSwiftPackageReference section */
		2634B237264B0B0600BB928B /* XCRemoteSwiftPackageReference "neumorphic" */ = {
			isa = XCRemoteSwiftPackageReference;
			repositoryURL = "https://github.com/costachung/neumorphic/";
			requirement = {
				kind = upToNextMajorVersion;
				minimumVersion = 2.0.5;
			};
		};
		265634BB267815B900FD6F27 /* XCRemoteSwiftPackageReference "swift-crypto" */ = {
			isa = XCRemoteSwiftPackageReference;
			repositoryURL = "https://github.com/apple/swift-crypto.git";
			requirement = {
				kind = upToNextMajorVersion;
				minimumVersion = 1.1.6;
			};
		};
/* End XCRemoteSwiftPackageReference section */

/* Begin XCSwiftPackageProductDependency section */
		2634B238264B0B0600BB928B /* Neumorphic */ = {
			isa = XCSwiftPackageProductDependency;
			package = 2634B237264B0B0600BB928B /* XCRemoteSwiftPackageReference "neumorphic" */;
			productName = Neumorphic;
		};
		265634BC267815B900FD6F27 /* Crypto */ = {
			isa = XCSwiftPackageProductDependency;
			package = 265634BB267815B900FD6F27 /* XCRemoteSwiftPackageReference "swift-crypto" */;
			productName = Crypto;
		};
/* End XCSwiftPackageProductDependency section */
	};
	rootObject = 2677028526347ECD00B8BC92 /* Project object */;
}
